
Microsoft Visual Studio Solution File, Format Version 12.00
# Visual Studio 15
VisualStudioVersion = 15.0.28307.1433
MinimumVisualStudioVersion = 10.0.40219.1
Project("{8BC9CEB8-8B4A-11D0-8D11-00A0C91BC942}") = "permutation_by_recursion", "permutation_by_recursion\permutation_by_recursion.vcxproj", "{00EE0D45-A404-4B2C-863A-EBE290A02D08}"
EndProject
Global
	GlobalSection(SolutionConfigurationPlatforms) = preSolution
		Debug|x64 = Debug|x64
		Debug|x86 = Debug|x86
		Release|x64 = Release|x64
		Release|x86 = Release|x86
	EndGlobalSection
	GlobalSection(ProjectConfigurationPlatforms) = postSolution
		{00EE0D45-A404-4B2C-863A-EBE290A02D08}.Debug|x64.ActiveCfg = Debug|x64
		{00EE0D45-A404-4B2C-863A-EBE290A02D08}.Debug|x64.Build.0 = Debug|x64
		{00EE0D45-A404-4B2C-863A-EBE290A02D08}.Debug|x86.ActiveCfg = Debug|Win32
		{00EE0D45-A404-4B2C-863A-EBE290A02D08}.Debug|x86.Build.0 = Debug|Win32
		{00EE0D45-A404-4B2C-863A-EBE290A02D08}.Release|x64.ActiveCfg = Release|x64
		{00EE0D45-A404-4B2C-863A-EBE290A02D08}.Release|x64.Build.0 = Release|x64
		{00EE0D45-A404-4B2C-863A-EBE290A02D08}.Release|x86.ActiveCfg = Release|Win32
		{00EE0D45-A404-4B2C-863A-EBE290A02D08}.Release|x86.Build.0 = Release|Win32
	EndGlobalSection
	GlobalSection(SolutionProperties) = preSolution
		HideSolutionNode = FALSE
	EndGlobalSection
	GlobalSection(ExtensibilityGlobals) = postSolution
		SolutionGuid = {85B98256-A302-4A7A-9CA1-89B0605CA6F0}
	EndGlobalSection
EndGlobal
