
Microsoft Visual Studio Solution File, Format Version 12.00
# Visual Studio 15
VisualStudioVersion = 15.0.28307.1433
MinimumVisualStudioVersion = 10.0.40219.1
Project("{8BC9CEB8-8B4A-11D0-8D11-00A0C91BC942}") = "poj3134", "poj3134\poj3134.vcxproj", "{CF6F9E42-CE26-4E0C-BFF2-FCC91BBC2BBE}"
EndProject
Global
	GlobalSection(SolutionConfigurationPlatforms) = preSolution
		Debug|x64 = Debug|x64
		Debug|x86 = Debug|x86
		Release|x64 = Release|x64
		Release|x86 = Release|x86
	EndGlobalSection
	GlobalSection(ProjectConfigurationPlatforms) = postSolution
		{CF6F9E42-CE26-4E0C-BFF2-FCC91BBC2BBE}.Debug|x64.ActiveCfg = Debug|x64
		{CF6F9E42-CE26-4E0C-BFF2-FCC91BBC2BBE}.Debug|x64.Build.0 = Debug|x64
		{CF6F9E42-CE26-4E0C-BFF2-FCC91BBC2BBE}.Debug|x86.ActiveCfg = Debug|Win32
		{CF6F9E42-CE26-4E0C-BFF2-FCC91BBC2BBE}.Debug|x86.Build.0 = Debug|Win32
		{CF6F9E42-CE26-4E0C-BFF2-FCC91BBC2BBE}.Release|x64.ActiveCfg = Release|x64
		{CF6F9E42-CE26-4E0C-BFF2-FCC91BBC2BBE}.Release|x64.Build.0 = Release|x64
		{CF6F9E42-CE26-4E0C-BFF2-FCC91BBC2BBE}.Release|x86.ActiveCfg = Release|Win32
		{CF6F9E42-CE26-4E0C-BFF2-FCC91BBC2BBE}.Release|x86.Build.0 = Release|Win32
	EndGlobalSection
	GlobalSection(SolutionProperties) = preSolution
		HideSolutionNode = FALSE
	EndGlobalSection
	GlobalSection(ExtensibilityGlobals) = postSolution
		SolutionGuid = {A57DC63C-AE4F-47E5-B953-B8792517768C}
	EndGlobalSection
EndGlobal
