
Microsoft Visual Studio Solution File, Format Version 12.00
# Visual Studio 15
VisualStudioVersion = 15.0.28307.1433
MinimumVisualStudioVersion = 10.0.40219.1
Project("{8BC9CEB8-8B4A-11D0-8D11-00A0C91BC942}") = "Q1", "Q1\Q1.vcxproj", "{C7AD1D17-AFDF-467F-870F-349262396109}"
EndProject
Global
	GlobalSection(SolutionConfigurationPlatforms) = preSolution
		Debug|x64 = Debug|x64
		Debug|x86 = Debug|x86
		Release|x64 = Release|x64
		Release|x86 = Release|x86
	EndGlobalSection
	GlobalSection(ProjectConfigurationPlatforms) = postSolution
		{C7AD1D17-AFDF-467F-870F-349262396109}.Debug|x64.ActiveCfg = Debug|x64
		{C7AD1D17-AFDF-467F-870F-349262396109}.Debug|x64.Build.0 = Debug|x64
		{C7AD1D17-AFDF-467F-870F-349262396109}.Debug|x86.ActiveCfg = Debug|Win32
		{C7AD1D17-AFDF-467F-870F-349262396109}.Debug|x86.Build.0 = Debug|Win32
		{C7AD1D17-AFDF-467F-870F-349262396109}.Release|x64.ActiveCfg = Release|x64
		{C7AD1D17-AFDF-467F-870F-349262396109}.Release|x64.Build.0 = Release|x64
		{C7AD1D17-AFDF-467F-870F-349262396109}.Release|x86.ActiveCfg = Release|Win32
		{C7AD1D17-AFDF-467F-870F-349262396109}.Release|x86.Build.0 = Release|Win32
	EndGlobalSection
	GlobalSection(SolutionProperties) = preSolution
		HideSolutionNode = FALSE
	EndGlobalSection
	GlobalSection(ExtensibilityGlobals) = postSolution
		SolutionGuid = {C27F82E6-3B1A-4797-9C69-88EE8816CB9F}
	EndGlobalSection
EndGlobal
