
Microsoft Visual Studio Solution File, Format Version 12.00
# Visual Studio 15
VisualStudioVersion = 15.0.28307.1433
MinimumVisualStudioVersion = 10.0.40219.1
Project("{8BC9CEB8-8B4A-11D0-8D11-00A0C91BC942}") = "hdu5572", "hdu5572\hdu5572.vcxproj", "{694BBC8B-7C45-430C-A647-8BFEC8241BCE}"
EndProject
Global
	GlobalSection(SolutionConfigurationPlatforms) = preSolution
		Debug|x64 = Debug|x64
		Debug|x86 = Debug|x86
		Release|x64 = Release|x64
		Release|x86 = Release|x86
	EndGlobalSection
	GlobalSection(ProjectConfigurationPlatforms) = postSolution
		{694BBC8B-7C45-430C-A647-8BFEC8241BCE}.Debug|x64.ActiveCfg = Debug|x64
		{694BBC8B-7C45-430C-A647-8BFEC8241BCE}.Debug|x64.Build.0 = Debug|x64
		{694BBC8B-7C45-430C-A647-8BFEC8241BCE}.Debug|x86.ActiveCfg = Debug|Win32
		{694BBC8B-7C45-430C-A647-8BFEC8241BCE}.Debug|x86.Build.0 = Debug|Win32
		{694BBC8B-7C45-430C-A647-8BFEC8241BCE}.Release|x64.ActiveCfg = Release|x64
		{694BBC8B-7C45-430C-A647-8BFEC8241BCE}.Release|x64.Build.0 = Release|x64
		{694BBC8B-7C45-430C-A647-8BFEC8241BCE}.Release|x86.ActiveCfg = Release|Win32
		{694BBC8B-7C45-430C-A647-8BFEC8241BCE}.Release|x86.Build.0 = Release|Win32
	EndGlobalSection
	GlobalSection(SolutionProperties) = preSolution
		HideSolutionNode = FALSE
	EndGlobalSection
	GlobalSection(ExtensibilityGlobals) = postSolution
		SolutionGuid = {0225F146-4110-4FDD-8CAF-81031E85013A}
	EndGlobalSection
EndGlobal
